
Microsoft Visual Studio Solution File, Format Version 12.00
# Visual Studio 14
VisualStudioVersion = 14.0.25420.1
MinimumVisualStudioVersion = 10.0.40219.1
Project("{FAE04EC0-301F-11D3-BF4B-00C04F79EFBC}") = "IQAppProvisioningPowerShell", "IQAppProvisioningPowerShell\IQAppProvisioningPowerShell.csproj", "{D17E5E3E-EEFC-4D36-B070-74F02A8F13C6}"
EndProject
Project("{FAE04EC0-301F-11D3-BF4B-00C04F79EFBC}") = "IQAppManifestProvisioner", "IQAppManifestProvisioner\IQAppManifestProvisioner.csproj", "{09106344-728A-467A-97AE-5DB91D0958B7}"
EndProject
Project("{FAE04EC0-301F-11D3-BF4B-00C04F79EFBC}") = "IQAppStorageMigrator", "IQAppStorageMigrator\IQAppStorageMigrator.csproj", "{BE8F1C03-9D2F-4E59-A11C-9421EFE43CDF}"
EndProject
Project("{FAE04EC0-301F-11D3-BF4B-00C04F79EFBC}") = "IQAppManifestBuilders", "IQAppManifestBuilders\IQAppManifestBuilders.csproj", "{5462EE12-1E3B-48C2-A254-3043AC31FC58}"
EndProject
Project("{FAE04EC0-301F-11D3-BF4B-00C04F79EFBC}") = "IQAppSiteProvisioner", "IQAppSiteProvisioner\IQAppSiteProvisioner.csproj", "{28DC1CF6-1033-468E-95D6-90590EA6BD7B}"
EndProject
Project("{930C7802-8A8C-48F9-8165-68863BCCD9DD}") = "PowerShellModuleSetup", "PowerShellModuleSetup\PowerShellModuleSetup.wixproj", "{6ACE6AEA-ACB2-4E85-BC7E-26C6AF13600C}"
EndProject
Global
	GlobalSection(SolutionConfigurationPlatforms) = preSolution
		CloudKhanPublish|Any CPU = CloudKhanPublish|Any CPU
		CloudKhanPublish|x86 = CloudKhanPublish|x86
		Debug|Any CPU = Debug|Any CPU
		Debug|x86 = Debug|x86
		Release|Any CPU = Release|Any CPU
		Release|x86 = Release|x86
	EndGlobalSection
	GlobalSection(ProjectConfigurationPlatforms) = postSolution
		{D17E5E3E-EEFC-4D36-B070-74F02A8F13C6}.CloudKhanPublish|Any CPU.ActiveCfg = Release|Any CPU
		{D17E5E3E-EEFC-4D36-B070-74F02A8F13C6}.CloudKhanPublish|Any CPU.Build.0 = Release|Any CPU
		{D17E5E3E-EEFC-4D36-B070-74F02A8F13C6}.CloudKhanPublish|x86.ActiveCfg = Debug|Any CPU
		{D17E5E3E-EEFC-4D36-B070-74F02A8F13C6}.CloudKhanPublish|x86.Build.0 = Debug|Any CPU
		{D17E5E3E-EEFC-4D36-B070-74F02A8F13C6}.Debug|Any CPU.ActiveCfg = Debug|Any CPU
		{D17E5E3E-EEFC-4D36-B070-74F02A8F13C6}.Debug|Any CPU.Build.0 = Debug|Any CPU
		{D17E5E3E-EEFC-4D36-B070-74F02A8F13C6}.Debug|x86.ActiveCfg = Debug|Any CPU
		{D17E5E3E-EEFC-4D36-B070-74F02A8F13C6}.Debug|x86.Build.0 = Debug|Any CPU
		{D17E5E3E-EEFC-4D36-B070-74F02A8F13C6}.Release|Any CPU.ActiveCfg = Release|Any CPU
		{D17E5E3E-EEFC-4D36-B070-74F02A8F13C6}.Release|Any CPU.Build.0 = Release|Any CPU
		{D17E5E3E-EEFC-4D36-B070-74F02A8F13C6}.Release|x86.ActiveCfg = Release|Any CPU
		{D17E5E3E-EEFC-4D36-B070-74F02A8F13C6}.Release|x86.Build.0 = Release|Any CPU
		{09106344-728A-467A-97AE-5DB91D0958B7}.CloudKhanPublish|Any CPU.ActiveCfg = Release|Any CPU
		{09106344-728A-467A-97AE-5DB91D0958B7}.CloudKhanPublish|Any CPU.Build.0 = Release|Any CPU
		{09106344-728A-467A-97AE-5DB91D0958B7}.CloudKhanPublish|x86.ActiveCfg = Debug|Any CPU
		{09106344-728A-467A-97AE-5DB91D0958B7}.CloudKhanPublish|x86.Build.0 = Debug|Any CPU
		{09106344-728A-467A-97AE-5DB91D0958B7}.Debug|Any CPU.ActiveCfg = Debug|Any CPU
		{09106344-728A-467A-97AE-5DB91D0958B7}.Debug|Any CPU.Build.0 = Debug|Any CPU
		{09106344-728A-467A-97AE-5DB91D0958B7}.Debug|x86.ActiveCfg = Debug|Any CPU
		{09106344-728A-467A-97AE-5DB91D0958B7}.Debug|x86.Build.0 = Debug|Any CPU
		{09106344-728A-467A-97AE-5DB91D0958B7}.Release|Any CPU.ActiveCfg = Release|Any CPU
		{09106344-728A-467A-97AE-5DB91D0958B7}.Release|Any CPU.Build.0 = Release|Any CPU
		{09106344-728A-467A-97AE-5DB91D0958B7}.Release|x86.ActiveCfg = Release|Any CPU
		{09106344-728A-467A-97AE-5DB91D0958B7}.Release|x86.Build.0 = Release|Any CPU
		{BE8F1C03-9D2F-4E59-A11C-9421EFE43CDF}.CloudKhanPublish|Any CPU.ActiveCfg = Release|Any CPU
		{BE8F1C03-9D2F-4E59-A11C-9421EFE43CDF}.CloudKhanPublish|Any CPU.Build.0 = Release|Any CPU
		{BE8F1C03-9D2F-4E59-A11C-9421EFE43CDF}.CloudKhanPublish|x86.ActiveCfg = Debug|Any CPU
		{BE8F1C03-9D2F-4E59-A11C-9421EFE43CDF}.CloudKhanPublish|x86.Build.0 = Debug|Any CPU
		{BE8F1C03-9D2F-4E59-A11C-9421EFE43CDF}.Debug|Any CPU.ActiveCfg = Debug|Any CPU
		{BE8F1C03-9D2F-4E59-A11C-9421EFE43CDF}.Debug|Any CPU.Build.0 = Debug|Any CPU
		{BE8F1C03-9D2F-4E59-A11C-9421EFE43CDF}.Debug|x86.ActiveCfg = Debug|Any CPU
		{BE8F1C03-9D2F-4E59-A11C-9421EFE43CDF}.Debug|x86.Build.0 = Debug|Any CPU
		{BE8F1C03-9D2F-4E59-A11C-9421EFE43CDF}.Release|Any CPU.ActiveCfg = Release|Any CPU
		{BE8F1C03-9D2F-4E59-A11C-9421EFE43CDF}.Release|Any CPU.Build.0 = Release|Any CPU
		{BE8F1C03-9D2F-4E59-A11C-9421EFE43CDF}.Release|x86.ActiveCfg = Release|Any CPU
		{BE8F1C03-9D2F-4E59-A11C-9421EFE43CDF}.Release|x86.Build.0 = Release|Any CPU
		{5462EE12-1E3B-48C2-A254-3043AC31FC58}.CloudKhanPublish|Any CPU.ActiveCfg = CloudKhanPublish|Any CPU
		{5462EE12-1E3B-48C2-A254-3043AC31FC58}.CloudKhanPublish|Any CPU.Build.0 = CloudKhanPublish|Any CPU
		{5462EE12-1E3B-48C2-A254-3043AC31FC58}.CloudKhanPublish|x86.ActiveCfg = CloudKhanPublish|Any CPU
		{5462EE12-1E3B-48C2-A254-3043AC31FC58}.CloudKhanPublish|x86.Build.0 = CloudKhanPublish|Any CPU
		{5462EE12-1E3B-48C2-A254-3043AC31FC58}.Debug|Any CPU.ActiveCfg = Debug|Any CPU
		{5462EE12-1E3B-48C2-A254-3043AC31FC58}.Debug|Any CPU.Build.0 = Debug|Any CPU
		{5462EE12-1E3B-48C2-A254-3043AC31FC58}.Debug|x86.ActiveCfg = Debug|Any CPU
		{5462EE12-1E3B-48C2-A254-3043AC31FC58}.Debug|x86.Build.0 = Debug|Any CPU
		{5462EE12-1E3B-48C2-A254-3043AC31FC58}.Release|Any CPU.ActiveCfg = Release|Any CPU
		{5462EE12-1E3B-48C2-A254-3043AC31FC58}.Release|Any CPU.Build.0 = Release|Any CPU
		{5462EE12-1E3B-48C2-A254-3043AC31FC58}.Release|x86.ActiveCfg = Release|Any CPU
		{5462EE12-1E3B-48C2-A254-3043AC31FC58}.Release|x86.Build.0 = Release|Any CPU
		{28DC1CF6-1033-468E-95D6-90590EA6BD7B}.CloudKhanPublish|Any CPU.ActiveCfg = Release|Any CPU
		{28DC1CF6-1033-468E-95D6-90590EA6BD7B}.CloudKhanPublish|Any CPU.Build.0 = Release|Any CPU
		{28DC1CF6-1033-468E-95D6-90590EA6BD7B}.CloudKhanPublish|x86.ActiveCfg = Debug|Any CPU
		{28DC1CF6-1033-468E-95D6-90590EA6BD7B}.CloudKhanPublish|x86.Build.0 = Debug|Any CPU
		{28DC1CF6-1033-468E-95D6-90590EA6BD7B}.Debug|Any CPU.ActiveCfg = Debug|Any CPU
		{28DC1CF6-1033-468E-95D6-90590EA6BD7B}.Debug|Any CPU.Build.0 = Debug|Any CPU
		{28DC1CF6-1033-468E-95D6-90590EA6BD7B}.Debug|x86.ActiveCfg = Debug|Any CPU
		{28DC1CF6-1033-468E-95D6-90590EA6BD7B}.Debug|x86.Build.0 = Debug|Any CPU
		{28DC1CF6-1033-468E-95D6-90590EA6BD7B}.Release|Any CPU.ActiveCfg = Release|Any CPU
		{28DC1CF6-1033-468E-95D6-90590EA6BD7B}.Release|Any CPU.Build.0 = Release|Any CPU
		{28DC1CF6-1033-468E-95D6-90590EA6BD7B}.Release|x86.ActiveCfg = Release|Any CPU
		{28DC1CF6-1033-468E-95D6-90590EA6BD7B}.Release|x86.Build.0 = Release|Any CPU
		{6ACE6AEA-ACB2-4E85-BC7E-26C6AF13600C}.CloudKhanPublish|Any CPU.ActiveCfg = Release|x86
		{6ACE6AEA-ACB2-4E85-BC7E-26C6AF13600C}.CloudKhanPublish|Any CPU.Build.0 = Release|x86
		{6ACE6AEA-ACB2-4E85-BC7E-26C6AF13600C}.CloudKhanPublish|x86.ActiveCfg = Release|x86
		{6ACE6AEA-ACB2-4E85-BC7E-26C6AF13600C}.CloudKhanPublish|x86.Build.0 = Release|x86
		{6ACE6AEA-ACB2-4E85-BC7E-26C6AF13600C}.Debug|Any CPU.ActiveCfg = Debug|x86
		{6ACE6AEA-ACB2-4E85-BC7E-26C6AF13600C}.Debug|x86.ActiveCfg = Debug|x86
		{6ACE6AEA-ACB2-4E85-BC7E-26C6AF13600C}.Debug|x86.Build.0 = Debug|x86
		{6ACE6AEA-ACB2-4E85-BC7E-26C6AF13600C}.Release|Any CPU.ActiveCfg = Release|x86
		{6ACE6AEA-ACB2-4E85-BC7E-26C6AF13600C}.Release|x86.ActiveCfg = Release|x86
		{6ACE6AEA-ACB2-4E85-BC7E-26C6AF13600C}.Release|x86.Build.0 = Release|x86
	EndGlobalSection
	GlobalSection(SolutionProperties) = preSolution
		HideSolutionNode = FALSE
	EndGlobalSection
EndGlobal
